
Microsoft Visual Studio Solution File, Format Version 12.00
# Visual Studio Version 16
VisualStudioVersion = 16.0.32126.315
MinimumVisualStudioVersion = 10.0.40219.1
Project("{FAE04EC0-301F-11D3-BF4B-00C04F79EFBC}") = "WebApiDemo", "WebApiDemo\WebApiDemo.csproj", "{340D73C6-818F-42FF-90CB-EE335C604AFA}"
EndProject
Global
	GlobalSection(SolutionConfigurationPlatforms) = preSolution
		Debug|Any CPU = Debug|Any CPU
		Release|Any CPU = Release|Any CPU
	EndGlobalSection
	GlobalSection(ProjectConfigurationPlatforms) = postSolution
		{340D73C6-818F-42FF-90CB-EE335C604AFA}.Debug|Any CPU.ActiveCfg = Debug|Any CPU
		{340D73C6-818F-42FF-90CB-EE335C604AFA}.Debug|Any CPU.Build.0 = Debug|Any CPU
		{340D73C6-818F-42FF-90CB-EE335C604AFA}.Release|Any CPU.ActiveCfg = Release|Any CPU
		{340D73C6-818F-42FF-90CB-EE335C604AFA}.Release|Any CPU.Build.0 = Release|Any CPU
	EndGlobalSection
	GlobalSection(SolutionProperties) = preSolution
		HideSolutionNode = FALSE
	EndGlobalSection
	GlobalSection(ExtensibilityGlobals) = postSolution
		SolutionGuid = {A238FB2B-0A83-4B2C-A160-C14B28D38A55}
	EndGlobalSection
EndGlobal
